
Microsoft Visual Studio Solution File, Format Version 12.00
# Visual Studio Version 16
VisualStudioVersion = 16.0.30320.27
MinimumVisualStudioVersion = 10.0.40219.1
Project("{8BC9CEB8-8B4A-11D0-8D11-00A0C91BC942}") = "DLL-03", "DLL-03\DLL-03.vcxproj", "{7D36EA45-FF1B-471C-B196-64AAA948FD68}"
	ProjectSection(ProjectDependencies) = postProject
		{3BE4E8DB-8237-4C6B-B6A8-1AFFDEE726D1} = {3BE4E8DB-8237-4C6B-B6A8-1AFFDEE726D1}
	EndProjectSection
EndProject
Project("{8BC9CEB8-8B4A-11D0-8D11-00A0C91BC942}") = "DLL", "DLL\DLL.vcxproj", "{3BE4E8DB-8237-4C6B-B6A8-1AFFDEE726D1}"
EndProject
Project("{2150E333-8FDC-42A3-9474-1A3956D46DE8}") = "Solution Items", "Solution Items", "{574F47E3-B2B5-4688-8E64-1B3D3929DE67}"
	ProjectSection(SolutionItems) = preProject
		DLL-03.zip = DLL-03.zip
	EndProjectSection
EndProject
Global
	GlobalSection(SolutionConfigurationPlatforms) = preSolution
		Debug|x64 = Debug|x64
		Debug|x86 = Debug|x86
		Release|x64 = Release|x64
		Release|x86 = Release|x86
	EndGlobalSection
	GlobalSection(ProjectConfigurationPlatforms) = postSolution
		{7D36EA45-FF1B-471C-B196-64AAA948FD68}.Debug|x64.ActiveCfg = Debug|x64
		{7D36EA45-FF1B-471C-B196-64AAA948FD68}.Debug|x64.Build.0 = Debug|x64
		{7D36EA45-FF1B-471C-B196-64AAA948FD68}.Debug|x86.ActiveCfg = Debug|Win32
		{7D36EA45-FF1B-471C-B196-64AAA948FD68}.Debug|x86.Build.0 = Debug|Win32
		{7D36EA45-FF1B-471C-B196-64AAA948FD68}.Release|x64.ActiveCfg = Release|x64
		{7D36EA45-FF1B-471C-B196-64AAA948FD68}.Release|x64.Build.0 = Release|x64
		{7D36EA45-FF1B-471C-B196-64AAA948FD68}.Release|x86.ActiveCfg = Release|Win32
		{7D36EA45-FF1B-471C-B196-64AAA948FD68}.Release|x86.Build.0 = Release|Win32
		{3BE4E8DB-8237-4C6B-B6A8-1AFFDEE726D1}.Debug|x64.ActiveCfg = Debug|x64
		{3BE4E8DB-8237-4C6B-B6A8-1AFFDEE726D1}.Debug|x64.Build.0 = Debug|x64
		{3BE4E8DB-8237-4C6B-B6A8-1AFFDEE726D1}.Debug|x86.ActiveCfg = Debug|Win32
		{3BE4E8DB-8237-4C6B-B6A8-1AFFDEE726D1}.Debug|x86.Build.0 = Debug|Win32
		{3BE4E8DB-8237-4C6B-B6A8-1AFFDEE726D1}.Release|x64.ActiveCfg = Release|x64
		{3BE4E8DB-8237-4C6B-B6A8-1AFFDEE726D1}.Release|x64.Build.0 = Release|x64
		{3BE4E8DB-8237-4C6B-B6A8-1AFFDEE726D1}.Release|x86.ActiveCfg = Release|Win32
		{3BE4E8DB-8237-4C6B-B6A8-1AFFDEE726D1}.Release|x86.Build.0 = Release|Win32
	EndGlobalSection
	GlobalSection(SolutionProperties) = preSolution
		HideSolutionNode = FALSE
	EndGlobalSection
	GlobalSection(ExtensibilityGlobals) = postSolution
		SolutionGuid = {7610C732-9230-4338-B6EC-FF56F91B9323}
	EndGlobalSection
EndGlobal
